
Microsoft Visual Studio Solution File, Format Version 12.00
# Visual Studio 2013
VisualStudioVersion = 12.0.40629.0
MinimumVisualStudioVersion = 10.0.40219.1
Project("{FAE04EC0-301F-11D3-BF4B-00C04F79EFBC}") = "QDownApp", "QDownApp\QDownApp.csproj", "{224BFCA0-0ACE-48F8-A228-C33162898DFD}"
EndProject
Project("{FAE04EC0-301F-11D3-BF4B-00C04F79EFBC}") = "QControlLibrary", "QControlLibrary\QControlLibrary.csproj", "{F2D6174D-C9E8-47E9-8DFF-327EF3DAAC2F}"
EndProject
Project("{FAE04EC0-301F-11D3-BF4B-00C04F79EFBC}") = "QHttp", "QHttp\QHttp.csproj", "{27F342DE-FB35-47BA-BECD-52B893BF034C}"
EndProject
Project("{FAE04EC0-301F-11D3-BF4B-00C04F79EFBC}") = "QWCF", "QWCF\QWCF.csproj", "{0FA13B53-48E6-4B5E-99F6-E36E7CAD1D1F}"
EndProject
Project("{FAE04EC0-301F-11D3-BF4B-00C04F79EFBC}") = "QSocket", "QSocket\QSocket.csproj", "{851AFF0F-120C-43BD-B5C0-59F396637FB0}"
EndProject
Project("{FAE04EC0-301F-11D3-BF4B-00C04F79EFBC}") = "TyphoonProxy", "TyphoonProxy\TyphoonProxy.csproj", "{70501B10-03C9-47BF-898D-050DC206DBA2}"
EndProject
Project("{FAE04EC0-301F-11D3-BF4B-00C04F79EFBC}") = "CommonbaseLibrary", "CommonbaseLibrary\CommonbaseLibrary.csproj", "{D53EB7DC-9071-4BA3-8C55-1BED9C6D0AF2}"
EndProject
Project("{FAE04EC0-301F-11D3-BF4B-00C04F79EFBC}") = "SystemManager", "SystemManager\SystemManager.csproj", "{788F2A2B-EEB0-491A-A3BE-B4F9054D3F1C}"
EndProject
Project("{2150E333-8FDC-42A3-9474-1A3956D46DE8}") = "Plug", "Plug", "{0D5F31F5-BEC3-42C7-955B-78A52E99D2F1}"
EndProject
Project("{2150E333-8FDC-42A3-9474-1A3956D46DE8}") = "Croe", "Croe", "{0CD78903-F310-496D-AF43-3628C416EA62}"
EndProject
Project("{2150E333-8FDC-42A3-9474-1A3956D46DE8}") = "Tool", "Tool", "{E96016B5-30D1-479F-822B-3C6DC8AA49A6}"
EndProject
Global
	GlobalSection(SolutionConfigurationPlatforms) = preSolution
		Debug|Any CPU = Debug|Any CPU
		Release|Any CPU = Release|Any CPU
	EndGlobalSection
	GlobalSection(ProjectConfigurationPlatforms) = postSolution
		{224BFCA0-0ACE-48F8-A228-C33162898DFD}.Debug|Any CPU.ActiveCfg = Debug|Any CPU
		{224BFCA0-0ACE-48F8-A228-C33162898DFD}.Debug|Any CPU.Build.0 = Debug|Any CPU
		{224BFCA0-0ACE-48F8-A228-C33162898DFD}.Release|Any CPU.ActiveCfg = Release|Any CPU
		{224BFCA0-0ACE-48F8-A228-C33162898DFD}.Release|Any CPU.Build.0 = Release|Any CPU
		{F2D6174D-C9E8-47E9-8DFF-327EF3DAAC2F}.Debug|Any CPU.ActiveCfg = Debug|Any CPU
		{F2D6174D-C9E8-47E9-8DFF-327EF3DAAC2F}.Debug|Any CPU.Build.0 = Debug|Any CPU
		{F2D6174D-C9E8-47E9-8DFF-327EF3DAAC2F}.Release|Any CPU.ActiveCfg = Release|Any CPU
		{F2D6174D-C9E8-47E9-8DFF-327EF3DAAC2F}.Release|Any CPU.Build.0 = Release|Any CPU
		{27F342DE-FB35-47BA-BECD-52B893BF034C}.Debug|Any CPU.ActiveCfg = Debug|Any CPU
		{27F342DE-FB35-47BA-BECD-52B893BF034C}.Debug|Any CPU.Build.0 = Debug|Any CPU
		{27F342DE-FB35-47BA-BECD-52B893BF034C}.Release|Any CPU.ActiveCfg = Release|Any CPU
		{27F342DE-FB35-47BA-BECD-52B893BF034C}.Release|Any CPU.Build.0 = Release|Any CPU
		{0FA13B53-48E6-4B5E-99F6-E36E7CAD1D1F}.Debug|Any CPU.ActiveCfg = Debug|Any CPU
		{0FA13B53-48E6-4B5E-99F6-E36E7CAD1D1F}.Debug|Any CPU.Build.0 = Debug|Any CPU
		{0FA13B53-48E6-4B5E-99F6-E36E7CAD1D1F}.Release|Any CPU.ActiveCfg = Release|Any CPU
		{0FA13B53-48E6-4B5E-99F6-E36E7CAD1D1F}.Release|Any CPU.Build.0 = Release|Any CPU
		{851AFF0F-120C-43BD-B5C0-59F396637FB0}.Debug|Any CPU.ActiveCfg = Debug|Any CPU
		{851AFF0F-120C-43BD-B5C0-59F396637FB0}.Debug|Any CPU.Build.0 = Debug|Any CPU
		{851AFF0F-120C-43BD-B5C0-59F396637FB0}.Release|Any CPU.ActiveCfg = Release|Any CPU
		{851AFF0F-120C-43BD-B5C0-59F396637FB0}.Release|Any CPU.Build.0 = Release|Any CPU
		{70501B10-03C9-47BF-898D-050DC206DBA2}.Debug|Any CPU.ActiveCfg = Debug|Any CPU
		{70501B10-03C9-47BF-898D-050DC206DBA2}.Debug|Any CPU.Build.0 = Debug|Any CPU
		{70501B10-03C9-47BF-898D-050DC206DBA2}.Release|Any CPU.ActiveCfg = Release|Any CPU
		{70501B10-03C9-47BF-898D-050DC206DBA2}.Release|Any CPU.Build.0 = Release|Any CPU
		{D53EB7DC-9071-4BA3-8C55-1BED9C6D0AF2}.Debug|Any CPU.ActiveCfg = Debug|Any CPU
		{D53EB7DC-9071-4BA3-8C55-1BED9C6D0AF2}.Debug|Any CPU.Build.0 = Debug|Any CPU
		{D53EB7DC-9071-4BA3-8C55-1BED9C6D0AF2}.Release|Any CPU.ActiveCfg = Release|Any CPU
		{D53EB7DC-9071-4BA3-8C55-1BED9C6D0AF2}.Release|Any CPU.Build.0 = Release|Any CPU
		{788F2A2B-EEB0-491A-A3BE-B4F9054D3F1C}.Debug|Any CPU.ActiveCfg = Debug|Any CPU
		{788F2A2B-EEB0-491A-A3BE-B4F9054D3F1C}.Debug|Any CPU.Build.0 = Debug|Any CPU
		{788F2A2B-EEB0-491A-A3BE-B4F9054D3F1C}.Release|Any CPU.ActiveCfg = Release|Any CPU
		{788F2A2B-EEB0-491A-A3BE-B4F9054D3F1C}.Release|Any CPU.Build.0 = Release|Any CPU
	EndGlobalSection
	GlobalSection(SolutionProperties) = preSolution
		HideSolutionNode = FALSE
	EndGlobalSection
	GlobalSection(NestedProjects) = preSolution
		{27F342DE-FB35-47BA-BECD-52B893BF034C} = {E96016B5-30D1-479F-822B-3C6DC8AA49A6}
		{0FA13B53-48E6-4B5E-99F6-E36E7CAD1D1F} = {E96016B5-30D1-479F-822B-3C6DC8AA49A6}
		{851AFF0F-120C-43BD-B5C0-59F396637FB0} = {E96016B5-30D1-479F-822B-3C6DC8AA49A6}
		{70501B10-03C9-47BF-898D-050DC206DBA2} = {0D5F31F5-BEC3-42C7-955B-78A52E99D2F1}
		{D53EB7DC-9071-4BA3-8C55-1BED9C6D0AF2} = {0CD78903-F310-496D-AF43-3628C416EA62}
		{788F2A2B-EEB0-491A-A3BE-B4F9054D3F1C} = {0CD78903-F310-496D-AF43-3628C416EA62}
	EndGlobalSection
EndGlobal
