
Microsoft Visual Studio Solution File, Format Version 12.00
# Visual Studio 2013
VisualStudioVersion = 12.0.40629.0
MinimumVisualStudioVersion = 10.0.40219.1
Project("{FAE04EC0-301F-11D3-BF4B-00C04F79EFBC}") = "QDownApp", "QDownApp\QDownApp.csproj", "{224BFCA0-0ACE-48F8-A228-C33162898DFD}"
EndProject
Project("{FAE04EC0-301F-11D3-BF4B-00C04F79EFBC}") = "QControlLibrary", "QControlLibrary\QControlLibrary.csproj", "{F2D6174D-C9E8-47E9-8DFF-327EF3DAAC2F}"
EndProject
Project("{FAE04EC0-301F-11D3-BF4B-00C04F79EFBC}") = "QHttp", "QHttp\QHttp.csproj", "{27F342DE-FB35-47BA-BECD-52B893BF034C}"
EndProject
Project("{FAE04EC0-301F-11D3-BF4B-00C04F79EFBC}") = "QWCF", "QWCF\QWCF.csproj", "{0FA13B53-48E6-4B5E-99F6-E36E7CAD1D1F}"
EndProject
Project("{FAE04EC0-301F-11D3-BF4B-00C04F79EFBC}") = "QSocket", "QSocket\QSocket.csproj", "{851AFF0F-120C-43BD-B5C0-59F396637FB0}"
EndProject
Project("{FAE04EC0-301F-11D3-BF4B-00C04F79EFBC}") = "TyphoonProxy", "TyphoonProxy\TyphoonProxy.csproj", "{70501B10-03C9-47BF-898D-050DC206DBA2}"
EndProject
Project("{FAE04EC0-301F-11D3-BF4B-00C04F79EFBC}") = "CommonbaseLibrary", "CommonbaseLibrary\CommonbaseLibrary.csproj", "{D53EB7DC-9071-4BA3-8C55-1BED9C6D0AF2}"
EndProject
Project("{FAE04EC0-301F-11D3-BF4B-00C04F79EFBC}") = "SystemManager", "SystemManager\SystemManager.csproj", "{788F2A2B-EEB0-491A-A3BE-B4F9054D3F1C}"
EndProject
Project("{2150E333-8FDC-42A3-9474-1A3956D46DE8}") = "Plug", "Plug", "{0D5F31F5-BEC3-42C7-955B-78A52E99D2F1}"
EndProject
Project("{2150E333-8FDC-42A3-9474-1A3956D46DE8}") = "Croe", "Croe", "{0CD78903-F310-496D-AF43-3628C416EA62}"
EndProject
Project("{2150E333-8FDC-42A3-9474-1A3956D46DE8}") = "Tool", "Tool", "{E96016B5-30D1-479F-822B-3C6DC8AA49A6}"
EndProject
Project("{2150E333-8FDC-42A3-9474-1A3956D46DE8}") = "UDP", "UDP", "{931B1733-61BC-4DC8-A6CD-4DB8E6AFFAB6}"
EndProject
Project("{FAE04EC0-301F-11D3-BF4B-00C04F79EFBC}") = "QDP2", "QDP2\QDP2.csproj", "{BBA01279-03B9-4136-B55D-C9AF8E7A1ACF}"
EndProject
Project("{FAE04EC0-301F-11D3-BF4B-00C04F79EFBC}") = "QDP", "QDP\QDP.csproj", "{F69B09EC-EB1B-44E4-9139-BA089E79482E}"
EndProject
Project("{2150E333-8FDC-42A3-9474-1A3956D46DE8}") = "DistributedFileManager", "DistributedFileManager", "{27AEC058-E1B9-4A4F-B6DB-0AD7BEC2F7BA}"
	ProjectSection(SolutionItems) = preProject
		C:\Users\Administrator\Desktop\分布式同步大文件管理器.mm = C:\Users\Administrator\Desktop\分布式同步大文件管理器.mm
	EndProjectSection
EndProject
Project("{2150E333-8FDC-42A3-9474-1A3956D46DE8}") = "1_Service", "1_Service", "{8D29509C-EA5C-4C81-87D7-3E7479197809}"
EndProject
Project("{2150E333-8FDC-42A3-9474-1A3956D46DE8}") = "2_Node", "2_Node", "{9648EDDE-92B9-4A0F-93B7-7A33E6E3FD6A}"
EndProject
Project("{FAE04EC0-301F-11D3-BF4B-00C04F79EFBC}") = "ManagerCore", "ManagerCore\ManagerCore.csproj", "{7525BF58-16C2-45A8-BA8F-29F7A7A23B6D}"
EndProject
Project("{FAE04EC0-301F-11D3-BF4B-00C04F79EFBC}") = "ManagerWindow", "ManagerWindow\ManagerWindow.csproj", "{31B38DB9-2CEA-44DF-85E4-2F14851F5070}"
EndProject
Project("{FAE04EC0-301F-11D3-BF4B-00C04F79EFBC}") = "NodeCore", "NodeCore\NodeCore.csproj", "{97826511-6FD5-43F9-A187-AF306F07A99B}"
EndProject
Project("{FAE04EC0-301F-11D3-BF4B-00C04F79EFBC}") = "NodeWindow", "NodeWindow\NodeWindow.csproj", "{24553122-06B5-44B0-AC4B-32C2C798D9B6}"
EndProject
Project("{FAE04EC0-301F-11D3-BF4B-00C04F79EFBC}") = "QDistributedTest", "QDistributedTest\QDistributedTest.csproj", "{D1F6E535-084F-43A3-BC36-FCA4D04B9A13}"
EndProject
Global
	GlobalSection(SolutionConfigurationPlatforms) = preSolution
		Debug|Any CPU = Debug|Any CPU
		Release|Any CPU = Release|Any CPU
	EndGlobalSection
	GlobalSection(ProjectConfigurationPlatforms) = postSolution
		{224BFCA0-0ACE-48F8-A228-C33162898DFD}.Debug|Any CPU.ActiveCfg = Debug|Any CPU
		{224BFCA0-0ACE-48F8-A228-C33162898DFD}.Debug|Any CPU.Build.0 = Debug|Any CPU
		{224BFCA0-0ACE-48F8-A228-C33162898DFD}.Release|Any CPU.ActiveCfg = Release|Any CPU
		{224BFCA0-0ACE-48F8-A228-C33162898DFD}.Release|Any CPU.Build.0 = Release|Any CPU
		{F2D6174D-C9E8-47E9-8DFF-327EF3DAAC2F}.Debug|Any CPU.ActiveCfg = Debug|Any CPU
		{F2D6174D-C9E8-47E9-8DFF-327EF3DAAC2F}.Debug|Any CPU.Build.0 = Debug|Any CPU
		{F2D6174D-C9E8-47E9-8DFF-327EF3DAAC2F}.Release|Any CPU.ActiveCfg = Release|Any CPU
		{F2D6174D-C9E8-47E9-8DFF-327EF3DAAC2F}.Release|Any CPU.Build.0 = Release|Any CPU
		{27F342DE-FB35-47BA-BECD-52B893BF034C}.Debug|Any CPU.ActiveCfg = Debug|Any CPU
		{27F342DE-FB35-47BA-BECD-52B893BF034C}.Debug|Any CPU.Build.0 = Debug|Any CPU
		{27F342DE-FB35-47BA-BECD-52B893BF034C}.Release|Any CPU.ActiveCfg = Release|Any CPU
		{27F342DE-FB35-47BA-BECD-52B893BF034C}.Release|Any CPU.Build.0 = Release|Any CPU
		{0FA13B53-48E6-4B5E-99F6-E36E7CAD1D1F}.Debug|Any CPU.ActiveCfg = Debug|Any CPU
		{0FA13B53-48E6-4B5E-99F6-E36E7CAD1D1F}.Debug|Any CPU.Build.0 = Debug|Any CPU
		{0FA13B53-48E6-4B5E-99F6-E36E7CAD1D1F}.Release|Any CPU.ActiveCfg = Release|Any CPU
		{0FA13B53-48E6-4B5E-99F6-E36E7CAD1D1F}.Release|Any CPU.Build.0 = Release|Any CPU
		{851AFF0F-120C-43BD-B5C0-59F396637FB0}.Debug|Any CPU.ActiveCfg = Debug|Any CPU
		{851AFF0F-120C-43BD-B5C0-59F396637FB0}.Debug|Any CPU.Build.0 = Debug|Any CPU
		{851AFF0F-120C-43BD-B5C0-59F396637FB0}.Release|Any CPU.ActiveCfg = Release|Any CPU
		{851AFF0F-120C-43BD-B5C0-59F396637FB0}.Release|Any CPU.Build.0 = Release|Any CPU
		{70501B10-03C9-47BF-898D-050DC206DBA2}.Debug|Any CPU.ActiveCfg = Debug|Any CPU
		{70501B10-03C9-47BF-898D-050DC206DBA2}.Debug|Any CPU.Build.0 = Debug|Any CPU
		{70501B10-03C9-47BF-898D-050DC206DBA2}.Release|Any CPU.ActiveCfg = Release|Any CPU
		{70501B10-03C9-47BF-898D-050DC206DBA2}.Release|Any CPU.Build.0 = Release|Any CPU
		{D53EB7DC-9071-4BA3-8C55-1BED9C6D0AF2}.Debug|Any CPU.ActiveCfg = Debug|Any CPU
		{D53EB7DC-9071-4BA3-8C55-1BED9C6D0AF2}.Debug|Any CPU.Build.0 = Debug|Any CPU
		{D53EB7DC-9071-4BA3-8C55-1BED9C6D0AF2}.Release|Any CPU.ActiveCfg = Release|Any CPU
		{D53EB7DC-9071-4BA3-8C55-1BED9C6D0AF2}.Release|Any CPU.Build.0 = Release|Any CPU
		{788F2A2B-EEB0-491A-A3BE-B4F9054D3F1C}.Debug|Any CPU.ActiveCfg = Debug|Any CPU
		{788F2A2B-EEB0-491A-A3BE-B4F9054D3F1C}.Debug|Any CPU.Build.0 = Debug|Any CPU
		{788F2A2B-EEB0-491A-A3BE-B4F9054D3F1C}.Release|Any CPU.ActiveCfg = Release|Any CPU
		{788F2A2B-EEB0-491A-A3BE-B4F9054D3F1C}.Release|Any CPU.Build.0 = Release|Any CPU
		{BBA01279-03B9-4136-B55D-C9AF8E7A1ACF}.Debug|Any CPU.ActiveCfg = Debug|Any CPU
		{BBA01279-03B9-4136-B55D-C9AF8E7A1ACF}.Debug|Any CPU.Build.0 = Debug|Any CPU
		{BBA01279-03B9-4136-B55D-C9AF8E7A1ACF}.Release|Any CPU.ActiveCfg = Release|Any CPU
		{BBA01279-03B9-4136-B55D-C9AF8E7A1ACF}.Release|Any CPU.Build.0 = Release|Any CPU
		{F69B09EC-EB1B-44E4-9139-BA089E79482E}.Debug|Any CPU.ActiveCfg = Debug|Any CPU
		{F69B09EC-EB1B-44E4-9139-BA089E79482E}.Debug|Any CPU.Build.0 = Debug|Any CPU
		{F69B09EC-EB1B-44E4-9139-BA089E79482E}.Release|Any CPU.ActiveCfg = Release|Any CPU
		{F69B09EC-EB1B-44E4-9139-BA089E79482E}.Release|Any CPU.Build.0 = Release|Any CPU
		{7525BF58-16C2-45A8-BA8F-29F7A7A23B6D}.Debug|Any CPU.ActiveCfg = Debug|Any CPU
		{7525BF58-16C2-45A8-BA8F-29F7A7A23B6D}.Debug|Any CPU.Build.0 = Debug|Any CPU
		{7525BF58-16C2-45A8-BA8F-29F7A7A23B6D}.Release|Any CPU.ActiveCfg = Release|Any CPU
		{7525BF58-16C2-45A8-BA8F-29F7A7A23B6D}.Release|Any CPU.Build.0 = Release|Any CPU
		{31B38DB9-2CEA-44DF-85E4-2F14851F5070}.Debug|Any CPU.ActiveCfg = Debug|Any CPU
		{31B38DB9-2CEA-44DF-85E4-2F14851F5070}.Debug|Any CPU.Build.0 = Debug|Any CPU
		{31B38DB9-2CEA-44DF-85E4-2F14851F5070}.Release|Any CPU.ActiveCfg = Release|Any CPU
		{31B38DB9-2CEA-44DF-85E4-2F14851F5070}.Release|Any CPU.Build.0 = Release|Any CPU
		{97826511-6FD5-43F9-A187-AF306F07A99B}.Debug|Any CPU.ActiveCfg = Debug|Any CPU
		{97826511-6FD5-43F9-A187-AF306F07A99B}.Debug|Any CPU.Build.0 = Debug|Any CPU
		{97826511-6FD5-43F9-A187-AF306F07A99B}.Release|Any CPU.ActiveCfg = Release|Any CPU
		{97826511-6FD5-43F9-A187-AF306F07A99B}.Release|Any CPU.Build.0 = Release|Any CPU
		{24553122-06B5-44B0-AC4B-32C2C798D9B6}.Debug|Any CPU.ActiveCfg = Debug|Any CPU
		{24553122-06B5-44B0-AC4B-32C2C798D9B6}.Debug|Any CPU.Build.0 = Debug|Any CPU
		{24553122-06B5-44B0-AC4B-32C2C798D9B6}.Release|Any CPU.ActiveCfg = Release|Any CPU
		{24553122-06B5-44B0-AC4B-32C2C798D9B6}.Release|Any CPU.Build.0 = Release|Any CPU
		{D1F6E535-084F-43A3-BC36-FCA4D04B9A13}.Debug|Any CPU.ActiveCfg = Debug|Any CPU
		{D1F6E535-084F-43A3-BC36-FCA4D04B9A13}.Debug|Any CPU.Build.0 = Debug|Any CPU
		{D1F6E535-084F-43A3-BC36-FCA4D04B9A13}.Release|Any CPU.ActiveCfg = Release|Any CPU
		{D1F6E535-084F-43A3-BC36-FCA4D04B9A13}.Release|Any CPU.Build.0 = Release|Any CPU
	EndGlobalSection
	GlobalSection(SolutionProperties) = preSolution
		HideSolutionNode = FALSE
	EndGlobalSection
	GlobalSection(NestedProjects) = preSolution
		{27F342DE-FB35-47BA-BECD-52B893BF034C} = {E96016B5-30D1-479F-822B-3C6DC8AA49A6}
		{0FA13B53-48E6-4B5E-99F6-E36E7CAD1D1F} = {E96016B5-30D1-479F-822B-3C6DC8AA49A6}
		{851AFF0F-120C-43BD-B5C0-59F396637FB0} = {E96016B5-30D1-479F-822B-3C6DC8AA49A6}
		{70501B10-03C9-47BF-898D-050DC206DBA2} = {0D5F31F5-BEC3-42C7-955B-78A52E99D2F1}
		{D53EB7DC-9071-4BA3-8C55-1BED9C6D0AF2} = {0CD78903-F310-496D-AF43-3628C416EA62}
		{788F2A2B-EEB0-491A-A3BE-B4F9054D3F1C} = {0CD78903-F310-496D-AF43-3628C416EA62}
		{BBA01279-03B9-4136-B55D-C9AF8E7A1ACF} = {931B1733-61BC-4DC8-A6CD-4DB8E6AFFAB6}
		{F69B09EC-EB1B-44E4-9139-BA089E79482E} = {931B1733-61BC-4DC8-A6CD-4DB8E6AFFAB6}
		{8D29509C-EA5C-4C81-87D7-3E7479197809} = {27AEC058-E1B9-4A4F-B6DB-0AD7BEC2F7BA}
		{9648EDDE-92B9-4A0F-93B7-7A33E6E3FD6A} = {27AEC058-E1B9-4A4F-B6DB-0AD7BEC2F7BA}
		{7525BF58-16C2-45A8-BA8F-29F7A7A23B6D} = {8D29509C-EA5C-4C81-87D7-3E7479197809}
		{31B38DB9-2CEA-44DF-85E4-2F14851F5070} = {8D29509C-EA5C-4C81-87D7-3E7479197809}
		{97826511-6FD5-43F9-A187-AF306F07A99B} = {9648EDDE-92B9-4A0F-93B7-7A33E6E3FD6A}
		{24553122-06B5-44B0-AC4B-32C2C798D9B6} = {9648EDDE-92B9-4A0F-93B7-7A33E6E3FD6A}
	EndGlobalSection
EndGlobal
